
Microsoft Visual Studio Solution File, Format Version 12.00
# Visual Studio Version 17
VisualStudioVersion = 17.3.32929.385
MinimumVisualStudioVersion = 10.0.40219.1
Project("{FAE04EC0-301F-11D3-BF4B-00C04F79EFBC}") = "ThirdTask", "ThirdTask.csproj", "{A179986E-8C5D-4B0C-A611-0F19D5A7399F}"
EndProject
Global
	GlobalSection(SolutionConfigurationPlatforms) = preSolution
		Debug|Any CPU = Debug|Any CPU
		Release|Any CPU = Release|Any CPU
	EndGlobalSection
	GlobalSection(ProjectConfigurationPlatforms) = postSolution
		{A179986E-8C5D-4B0C-A611-0F19D5A7399F}.Debug|Any CPU.ActiveCfg = Debug|Any CPU
		{A179986E-8C5D-4B0C-A611-0F19D5A7399F}.Debug|Any CPU.Build.0 = Debug|Any CPU
		{A179986E-8C5D-4B0C-A611-0F19D5A7399F}.Release|Any CPU.ActiveCfg = Release|Any CPU
		{A179986E-8C5D-4B0C-A611-0F19D5A7399F}.Release|Any CPU.Build.0 = Release|Any CPU
	EndGlobalSection
	GlobalSection(SolutionProperties) = preSolution
		HideSolutionNode = FALSE
	EndGlobalSection
	GlobalSection(ExtensibilityGlobals) = postSolution
		SolutionGuid = {A25CA4AE-38A8-433A-B7D1-C2B4D7456F34}
	EndGlobalSection
EndGlobal
